// !$*UTF8*$!
{
	archiveVersion = 1;
	classes = {
	};
	objectVersion = 46;
	objects = {

/* Begin PBXBuildFile section */
		8483954C1DB61E9F005F6E7E /* AppDelegate.m in Sources */ = {isa = PBXBuildFile; fileRef = 8483953C1DB61E9F005F6E7E /* AppDelegate.m */; };
		8483954D1DB61E9F005F6E7E /* Assets.xcassets in Resources */ = {isa = PBXBuildFile; fileRef = 8483953D1DB61E9F005F6E7E /* Assets.xcassets */; };
		8483954E1DB61E9F005F6E7E /* LaunchScreen.storyboard in Resources */ = {isa = PBXBuildFile; fileRef = 8483953E1DB61E9F005F6E7E /* LaunchScreen.storyboard */; };
		8483954F1DB61E9F005F6E7E /* Main.storyboard in Resources */ = {isa = PBXBuildFile; fileRef = 848395401DB61E9F005F6E7E /* Main.storyboard */; };
		848395501DB61E9F005F6E7E /* Info.plist in Resources */ = {isa = PBXBuildFile; fileRef = 848395421DB61E9F005F6E7E /* Info.plist */; };
		848395511DB61E9F005F6E7E /* main.m in Sources */ = {isa = PBXBuildFile; fileRef = 848395431DB61E9F005F6E7E /* main.m */; };
		848395521DB61E9F005F6E7E /* People.m in Sources */ = {isa = PBXBuildFile; fileRef = 848395451DB61E9F005F6E7E /* People.m */; };
		848395531DB61E9F005F6E7E /* SNYKeychain.m in Sources */ = {isa = PBXBuildFile; fileRef = 848395481DB61E9F005F6E7E /* SNYKeychain.m */; };
		848395541DB61E9F005F6E7E /* ViewController.m in Sources */ = {isa = PBXBuildFile; fileRef = 8483954B1DB61E9F005F6E7E /* ViewController.m */; };
/* End PBXBuildFile section */

/* Begin PBXFileReference section */
		848394E81DB5BE21005F6E7E /* SNYKeychain.app */ = {isa = PBXFileReference; explicitFileType = wrapper.application; includeInIndex = 0; path = SNYKeychain.app; sourceTree = BUILT_PRODUCTS_DIR; };
		8483953B1DB61E9F005F6E7E /* AppDelegate.h */ = {isa = PBXFileReference; fileEncoding = 4; lastKnownFileType = sourcecode.c.h; path = AppDelegate.h; sourceTree = "<group>"; };
		8483953C1DB61E9F005F6E7E /* AppDelegate.m */ = {isa = PBXFileReference; fileEncoding = 4; lastKnownFileType = sourcecode.c.objc; path = AppDelegate.m; sourceTree = "<group>"; };
		8483953D1DB61E9F005F6E7E /* Assets.xcassets */ = {isa = PBXFileReference; lastKnownFileType = folder.assetcatalog; path = Assets.xcassets; sourceTree = "<group>"; };
		8483953F1DB61E9F005F6E7E /* Base */ = {isa = PBXFileReference; lastKnownFileType = file.storyboard; name = Base; path = Base.lproj/LaunchScreen.storyboard; sourceTree = "<group>"; };
		848395411DB61E9F005F6E7E /* Base */ = {isa = PBXFileReference; lastKnownFileType = file.storyboard; name = Base; path = Base.lproj/Main.storyboard; sourceTree = "<group>"; };
		848395421DB61E9F005F6E7E /* Info.plist */ = {isa = PBXFileReference; fileEncoding = 4; lastKnownFileType = text.plist.xml; path = Info.plist; sourceTree = "<group>"; };
		848395431DB61E9F005F6E7E /* main.m */ = {isa = PBXFileReference; fileEncoding = 4; lastKnownFileType = sourcecode.c.objc; path = main.m; sourceTree = "<group>"; };
		848395441DB61E9F005F6E7E /* People.h */ = {isa = PBXFileReference; fileEncoding = 4; lastKnownFileType = sourcecode.c.h; path = People.h; sourceTree = "<group>"; };
		848395451DB61E9F005F6E7E /* People.m */ = {isa = PBXFileReference; fileEncoding = 4; lastKnownFileType = sourcecode.c.objc; path = People.m; sourceTree = "<group>"; };
		848395471DB61E9F005F6E7E /* SNYKeychain.h */ = {isa = PBXFileReference; fileEncoding = 4; lastKnownFileType = sourcecode.c.h; path = SNYKeychain.h; sourceTree = "<group>"; };
		848395481DB61E9F005F6E7E /* SNYKeychain.m */ = {isa = PBXFileReference; fileEncoding = 4; lastKnownFileType = sourcecode.c.objc; path = SNYKeychain.m; sourceTree = "<group>"; };
		848395491DB61E9F005F6E7E /* SNYKeychain.entitlements */ = {isa = PBXFileReference; fileEncoding = 4; lastKnownFileType = text.plist.entitlements; path = SNYKeychain.entitlements; sourceTree = "<group>"; };
		8483954A1DB61E9F005F6E7E /* ViewController.h */ = {isa = PBXFileReference; fileEncoding = 4; lastKnownFileType = sourcecode.c.h; path = ViewController.h; sourceTree = "<group>"; };
		8483954B1DB61E9F005F6E7E /* ViewController.m */ = {isa = PBXFileReference; fileEncoding = 4; lastKnownFileType = sourcecode.c.objc; path = ViewController.m; sourceTree = "<group>"; };
/* End PBXFileReference section */

/* Begin PBXFrameworksBuildPhase section */
		848394E51DB5BE21005F6E7E /* Frameworks */ = {
			isa = PBXFrameworksBuildPhase;
			buildActionMask = 2147483647;
			files = (
			);
			runOnlyForDeploymentPostprocessing = 0;
		};
/* End PBXFrameworksBuildPhase section */

/* Begin PBXGroup section */
		848394DF1DB5BE21005F6E7E = {
			isa = PBXGroup;
			children = (
				8483953A1DB61E9F005F6E7E /* SNYKeychain */,
				848394E91DB5BE21005F6E7E /* Products */,
			);
			sourceTree = "<group>";
		};
		848394E91DB5BE21005F6E7E /* Products */ = {
			isa = PBXGroup;
			children = (
				848394E81DB5BE21005F6E7E /* SNYKeychain.app */,
			);
			name = Products;
			sourceTree = "<group>";
		};
		8483953A1DB61E9F005F6E7E /* SNYKeychain */ = {
			isa = PBXGroup;
			children = (
				8483953B1DB61E9F005F6E7E /* AppDelegate.h */,
				8483953C1DB61E9F005F6E7E /* AppDelegate.m */,
				8483953D1DB61E9F005F6E7E /* Assets.xcassets */,
				8483953E1DB61E9F005F6E7E /* LaunchScreen.storyboard */,
				848395401DB61E9F005F6E7E /* Main.storyboard */,
				848395421DB61E9F005F6E7E /* Info.plist */,
				848395431DB61E9F005F6E7E /* main.m */,
				848395441DB61E9F005F6E7E /* People.h */,
				848395451DB61E9F005F6E7E /* People.m */,
				848395461DB61E9F005F6E7E /* SNYKeychain */,
				848395491DB61E9F005F6E7E /* SNYKeychain.entitlements */,
				8483954A1DB61E9F005F6E7E /* ViewController.h */,
				8483954B1DB61E9F005F6E7E /* ViewController.m */,
			);
			path = SNYKeychain;
			sourceTree = "<group>";
		};
		848395461DB61E9F005F6E7E /* SNYKeychain */ = {
			isa = PBXGroup;
			children = (
				848395471DB61E9F005F6E7E /* SNYKeychain.h */,
				848395481DB61E9F005F6E7E /* SNYKeychain.m */,
			);
			path = SNYKeychain;
			sourceTree = "<group>";
		};
/* End PBXGroup section */

/* Begin PBXNativeTarget section */
		848394E71DB5BE21005F6E7E /* SNYKeychain */ = {
			isa = PBXNativeTarget;
			buildConfigurationList = 848394FF1DB5BE21005F6E7E /* Build configuration list for PBXNativeTarget "SNYKeychain" */;
			buildPhases = (
				848394E41DB5BE21005F6E7E /* Sources */,
				848394E51DB5BE21005F6E7E /* Frameworks */,
				848394E61DB5BE21005F6E7E /* Resources */,
			);
			buildRules = (
			);
			dependencies = (
			);
			name = SNYKeychain;
			productName = SNYKeyChain;
			productReference = 848394E81DB5BE21005F6E7E /* SNYKeychain.app */;
			productType = "com.apple.product-type.application";
		};
/* End PBXNativeTarget section */

/* Begin PBXProject section */
		848394E01DB5BE21005F6E7E /* Project object */ = {
			isa = PBXProject;
			attributes = {
				LastUpgradeCheck = 0800;
				ORGANIZATIONNAME = camhow;
				TargetAttributes = {
					848394E71DB5BE21005F6E7E = {
						CreatedOnToolsVersion = 8.0;
						DevelopmentTeam = 7C42RTV7UT;
						ProvisioningStyle = Automatic;
						SystemCapabilities = {
							com.apple.Keychain = {
								enabled = 1;
							};
						};
					};
				};
			};
			buildConfigurationList = 848394E31DB5BE21005F6E7E /* Build configuration list for PBXProject "SNYKeychain" */;
			compatibilityVersion = "Xcode 3.2";
			developmentRegion = English;
			hasScannedForEncodings = 0;
			knownRegions = (
				en,
				Base,
			);
			mainGroup = 848394DF1DB5BE21005F6E7E;
			productRefGroup = 848394E91DB5BE21005F6E7E /* Products */;
			projectDirPath = "";
			projectRoot = "";
			targets = (
				848394E71DB5BE21005F6E7E /* SNYKeychain */,
			);
		};
/* End PBXProject section */

/* Begin PBXResourcesBuildPhase section */
		848394E61DB5BE21005F6E7E /* Resources */ = {
			isa = PBXResourcesBuildPhase;
			buildActionMask = 2147483647;
			files = (
				848395501DB61E9F005F6E7E /* Info.plist in Resources */,
				8483954F1DB61E9F005F6E7E /* Main.storyboard in Resources */,
				8483954D1DB61E9F005F6E7E /* Assets.xcassets in Resources */,
				8483954E1DB61E9F005F6E7E /* LaunchScreen.storyboard in Resources */,
			);
			runOnlyForDeploymentPostprocessing = 0;
		};
/* End PBXResourcesBuildPhase section */

/* Begin PBXSourcesBuildPhase section */
		848394E41DB5BE21005F6E7E /* Sources */ = {
			isa = PBXSourcesBuildPhase;
			buildActionMask = 2147483647;
			files = (
				848395521DB61E9F005F6E7E /* People.m in Sources */,
				848395511DB61E9F005F6E7E /* main.m in Sources */,
				848395531DB61E9F005F6E7E /* SNYKeychain.m in Sources */,
				8483954C1DB61E9F005F6E7E /* AppDelegate.m in Sources */,
				848395541DB61E9F005F6E7E /* ViewController.m in Sources */,
			);
			runOnlyForDeploymentPostprocessing = 0;
		};
/* End PBXSourcesBuildPhase section */

/* Begin PBXVariantGroup section */
		8483953E1DB61E9F005F6E7E /* LaunchScreen.storyboard */ = {
			isa = PBXVariantGroup;
			children = (
				8483953F1DB61E9F005F6E7E /* Base */,
			);
			name = LaunchScreen.storyboard;
			sourceTree = "<group>";
		};
		848395401DB61E9F005F6E7E /* Main.storyboard */ = {
			isa = PBXVariantGroup;
			children = (
				848395411DB61E9F005F6E7E /* Base */,
			);
			name = Main.storyboard;
			sourceTree = "<group>";
		};
/* End PBXVariantGroup section */

/* Begin XCBuildConfiguration section */
		848394FD1DB5BE21005F6E7E /* Debug */ = {
			isa = XCBuildConfiguration;
			buildSettings = {
				ALWAYS_SEARCH_USER_PATHS = NO;
				CLANG_ANALYZER_NONNULL = YES;
				CLANG_CXX_LANGUAGE_STANDARD = "gnu++0x";
				CLANG_CXX_LIBRARY = "libc++";
				CLANG_ENABLE_MODULES = YES;
				CLANG_ENABLE_OBJC_ARC = YES;
				CLANG_WARN_BOOL_CONVERSION = YES;
				CLANG_WARN_CONSTANT_CONVERSION = YES;
				CLANG_WARN_DIRECT_OBJC_ISA_USAGE = YES_ERROR;
				CLANG_WARN_DOCUMENTATION_COMMENTS = YES;
				CLANG_WARN_EMPTY_BODY = YES;
				CLANG_WARN_ENUM_CONVERSION = YES;
				CLANG_WARN_INFINITE_RECURSION = YES;
				CLANG_WARN_INT_CONVERSION = YES;
				CLANG_WARN_OBJC_ROOT_CLASS = YES_ERROR;
				CLANG_WARN_SUSPICIOUS_MOVES = YES;
				CLANG_WARN_UNREACHABLE_CODE = YES;
				CLANG_WARN__DUPLICATE_METHOD_MATCH = YES;
				"CODE_SIGN_IDENTITY[sdk=iphoneos*]" = "iPhone Developer";
				COPY_PHASE_STRIP = NO;
				DEBUG_INFORMATION_FORMAT = dwarf;
				ENABLE_STRICT_OBJC_MSGSEND = YES;
				ENABLE_TESTABILITY = YES;
				GCC_C_LANGUAGE_STANDARD = gnu99;
				GCC_DYNAMIC_NO_PIC = NO;
				GCC_NO_COMMON_BLOCKS = YES;
				GCC_OPTIMIZATION_LEVEL = 0;
				GCC_PREPROCESSOR_DEFINITIONS = (
					"DEBUG=1",
					"$(inherited)",
				);
				GCC_WARN_64_TO_32_BIT_CONVERSION = YES;
				GCC_WARN_ABOUT_RETURN_TYPE = YES_ERROR;
				GCC_WARN_UNDECLARED_SELECTOR = YES;
				GCC_WARN_UNINITIALIZED_AUTOS = YES_AGGRESSIVE;
				GCC_WARN_UNUSED_FUNCTION = YES;
				GCC_WARN_UNUSED_VARIABLE = YES;
				IPHONEOS_DEPLOYMENT_TARGET = 10.0;
				MTL_ENABLE_DEBUG_INFO = YES;
				ONLY_ACTIVE_ARCH = YES;
				SDKROOT = iphoneos;
				TARGETED_DEVICE_FAMILY = "1,2";
			};
			name = Debug;
		};
		848394FE1DB5BE21005F6E7E /* Release */ = {
			isa = XCBuildConfiguration;
			buildSettings = {
				ALWAYS_SEARCH_USER_PATHS = NO;
				CLANG_ANALYZER_NONNULL = YES;
				CLANG_CXX_LANGUAGE_STANDARD = "gnu++0x";
				CLANG_CXX_LIBRARY = "libc++";
				CLANG_ENABLE_MODULES = YES;
				CLANG_ENABLE_OBJC_ARC = YES;
				CLANG_WARN_BOOL_CONVERSION = YES;
				CLANG_WARN_CONSTANT_CONVERSION = YES;
				CLANG_WARN_DIRECT_OBJC_ISA_USAGE = YES_ERROR;
				CLANG_WARN_DOCUMENTATION_COMMENTS = YES;
				CLANG_WARN_EMPTY_BODY = YES;
				CLANG_WARN_ENUM_CONVERSION = YES;
				CLANG_WARN_INFINITE_RECURSION = YES;
				CLANG_WARN_INT_CONVERSION = YES;
				CLANG_WARN_OBJC_ROOT_CLASS = YES_ERROR;
				CLANG_WARN_SUSPICIOUS_MOVES = YES;
				CLANG_WARN_UNREACHABLE_CODE = YES;
				CLANG_WARN__DUPLICATE_METHOD_MATCH = YES;
				"CODE_SIGN_IDENTITY[sdk=iphoneos*]" = "iPhone Developer";
				COPY_PHASE_STRIP = NO;
				DEBUG_INFORMATION_FORMAT = "dwarf-with-dsym";
				ENABLE_NS_ASSERTIONS = NO;
				ENABLE_STRICT_OBJC_MSGSEND = YES;
				GCC_C_LANGUAGE_STANDARD = gnu99;
				GCC_NO_COMMON_BLOCKS = YES;
				GCC_WARN_64_TO_32_BIT_CONVERSION = YES;
				GCC_WARN_ABOUT_RETURN_TYPE = YES_ERROR;
				GCC_WARN_UNDECLARED_SELECTOR = YES;
				GCC_WARN_UNINITIALIZED_AUTOS = YES_AGGRESSIVE;
				GCC_WARN_UNUSED_FUNCTION = YES;
				GCC_WARN_UNUSED_VARIABLE = YES;
				IPHONEOS_DEPLOYMENT_TARGET = 10.0;
				MTL_ENABLE_DEBUG_INFO = NO;
				SDKROOT = iphoneos;
				TARGETED_DEVICE_FAMILY = "1,2";
				VALIDATE_PRODUCT = YES;
			};
			name = Release;
		};
		848395001DB5BE21005F6E7E /* Debug */ = {
			isa = XCBuildConfiguration;
			buildSettings = {
				ASSETCATALOG_COMPILER_APPICON_NAME = AppIcon;
				CODE_SIGN_ENTITLEMENTS = SNYKeychain/SNYKeychain.entitlements;
				DEVELOPMENT_TEAM = 7C42RTV7UT;
				INFOPLIST_FILE = SNYKeyChain/Info.plist;
				IPHONEOS_DEPLOYMENT_TARGET = 8.0;
				LD_RUNPATH_SEARCH_PATHS = "$(inherited) @executable_path/Frameworks";
				PRODUCT_BUNDLE_IDENTIFIER = cn.com.camhow.live.SNYKeychain1;
				PRODUCT_NAME = "$(TARGET_NAME)";
			};
			name = Debug;
		};
		848395011DB5BE21005F6E7E /* Release */ = {
			isa = XCBuildConfiguration;
			buildSettings = {
				ASSETCATALOG_COMPILER_APPICON_NAME = AppIcon;
				CODE_SIGN_ENTITLEMENTS = SNYKeychain/SNYKeychain.entitlements;
				DEVELOPMENT_TEAM = 7C42RTV7UT;
				INFOPLIST_FILE = SNYKeyChain/Info.plist;
				IPHONEOS_DEPLOYMENT_TARGET = 8.0;
				LD_RUNPATH_SEARCH_PATHS = "$(inherited) @executable_path/Frameworks";
				PRODUCT_BUNDLE_IDENTIFIER = cn.com.camhow.live.SNYKeychain1;
				PRODUCT_NAME = "$(TARGET_NAME)";
			};
			name = Release;
		};
/* End XCBuildConfiguration section */

/* Begin XCConfigurationList section */
		848394E31DB5BE21005F6E7E /* Build configuration list for PBXProject "SNYKeychain" */ = {
			isa = XCConfigurationList;
			buildConfigurations = (
				848394FD1DB5BE21005F6E7E /* Debug */,
				848394FE1DB5BE21005F6E7E /* Release */,
			);
			defaultConfigurationIsVisible = 0;
			defaultConfigurationName = Release;
		};
		848394FF1DB5BE21005F6E7E /* Build configuration list for PBXNativeTarget "SNYKeychain" */ = {
			isa = XCConfigurationList;
			buildConfigurations = (
				848395001DB5BE21005F6E7E /* Debug */,
				848395011DB5BE21005F6E7E /* Release */,
			);
			defaultConfigurationIsVisible = 0;
			defaultConfigurationName = Release;
		};
/* End XCConfigurationList section */
	};
	rootObject = 848394E01DB5BE21005F6E7E /* Project object */;
}
